// !$*UTF8*$!
{
	archiveVersion = 1;
	classes = {
	};
	objectVersion = 56;
	objects = {

/* Begin PBXBuildFile section */
		F30747D02C942DA600C8B97C /* sessionsApp.swift in Sources */ = {isa = PBXBuildFile; fileRef = F30747CF2C942DA600C8B97C /* sessionsApp.swift */; };
		F30747D42C942DA900C8B97C /* Assets.xcassets in Resources */ = {isa = PBXBuildFile; fileRef = F30747D32C942DA900C8B97C /* Assets.xcassets */; };
		F30747D72C942DA900C8B97C /* Preview Assets.xcassets in Resources */ = {isa = PBXBuildFile; fileRef = F30747D62C942DA900C8B97C /* Preview Assets.xcassets */; };
		F30747D92C942DA900C8B97C /* Persistence.swift in Sources */ = {isa = PBXBuildFile; fileRef = F30747D82C942DA900C8B97C /* Persistence.swift */; };
		F30747E62C942DA900C8B97C /* sessionsTests.swift in Sources */ = {isa = PBXBuildFile; fileRef = F30747E52C942DA900C8B97C /* sessionsTests.swift */; };
		F30747F02C942DA900C8B97C /* sessionsUITests.swift in Sources */ = {isa = PBXBuildFile; fileRef = F30747EF2C942DA900C8B97C /* sessionsUITests.swift */; };
		F30747F22C942DA900C8B97C /* sessionsUITestsLaunchTests.swift in Sources */ = {isa = PBXBuildFile; fileRef = F30747F12C942DA900C8B97C /* sessionsUITestsLaunchTests.swift */; };
		F30748002C942F3500C8B97C /* DataManager.swift in Sources */ = {isa = PBXBuildFile; fileRef = F30747FF2C942F3500C8B97C /* DataManager.swift */; };
		F30748032C942F5200C8B97C /* Scheduleable.swift in Sources */ = {isa = PBXBuildFile; fileRef = F30748022C942F5200C8B97C /* Scheduleable.swift */; };
		F30748052C942F5D00C8B97C /* Task.swift in Sources */ = {isa = PBXBuildFile; fileRef = F30748042C942F5D00C8B97C /* Task.swift */; };
		F30748072C942F6600C8B97C /* Habit.swift in Sources */ = {isa = PBXBuildFile; fileRef = F30748062C942F6600C8B97C /* Habit.swift */; };
		F30748092C942F7100C8B97C /* FixedRoutine.swift in Sources */ = {isa = PBXBuildFile; fileRef = F30748082C942F7100C8B97C /* FixedRoutine.swift */; };
		F307480D2C942F8F00C8B97C /* RoutineManager.swift in Sources */ = {isa = PBXBuildFile; fileRef = F307480C2C942F8F00C8B97C /* RoutineManager.swift */; };
		F30748112C942FCC00C8B97C /* ContentView.swift in Sources */ = {isa = PBXBuildFile; fileRef = F30748102C942FCC00C8B97C /* ContentView.swift */; };
		F30748132C942FFA00C8B97C /* RoutineView.swift in Sources */ = {isa = PBXBuildFile; fileRef = F30748122C942FFA00C8B97C /* RoutineView.swift */; };
		F30748162C94300A00C8B97C /* TasksView.swift in Sources */ = {isa = PBXBuildFile; fileRef = F30748152C94300A00C8B97C /* TasksView.swift */; };
		F30748182C94301D00C8B97C /* HabitsView.swift in Sources */ = {isa = PBXBuildFile; fileRef = F30748172C94301D00C8B97C /* HabitsView.swift */; };
		F307481A2C94302A00C8B97C /* FixedRoutinesView.swift in Sources */ = {isa = PBXBuildFile; fileRef = F30748192C94302A00C8B97C /* FixedRoutinesView.swift */; };
		F33655FD2C94366400C9FE04 /* GoogleAPIClientForRESTCore in Frameworks */ = {isa = PBXBuildFile; productRef = F33655FC2C94366400C9FE04 /* GoogleAPIClientForRESTCore */; };
		F33655FF2C94366400C9FE04 /* GoogleAPIClientForREST_Calendar in Frameworks */ = {isa = PBXBuildFile; productRef = F33655FE2C94366400C9FE04 /* GoogleAPIClientForREST_Calendar */; };
		F3907C862C9571E700AF904E /* BackgroundTaskService.swift in Sources */ = {isa = PBXBuildFile; fileRef = F3907C852C9571E700AF904E /* BackgroundTaskService.swift */; };
		F3907C982C957D0400AF904E /* SessionsModel.xcdatamodeld in Sources */ = {isa = PBXBuildFile; fileRef = F3907C962C957D0400AF904E /* SessionsModel.xcdatamodeld */; };
		F3907CAB2C958B8A00AF904E /* TaskEntity+CoreDataClass.swift in Sources */ = {isa = PBXBuildFile; fileRef = F3907CA52C958B8A00AF904E /* TaskEntity+CoreDataClass.swift */; };
		F3907CAC2C958B8A00AF904E /* TaskEntity+CoreDataProperties.swift in Sources */ = {isa = PBXBuildFile; fileRef = F3907CA62C958B8A00AF904E /* TaskEntity+CoreDataProperties.swift */; };
		F3907CAD2C958B8A00AF904E /* FixedRoutineEntity+CoreDataClass.swift in Sources */ = {isa = PBXBuildFile; fileRef = F3907CA72C958B8A00AF904E /* FixedRoutineEntity+CoreDataClass.swift */; };
		F3907CAE2C958B8A00AF904E /* FixedRoutineEntity+CoreDataProperties.swift in Sources */ = {isa = PBXBuildFile; fileRef = F3907CA82C958B8A00AF904E /* FixedRoutineEntity+CoreDataProperties.swift */; };
		F3907CAF2C958B8A00AF904E /* HabitEntity+CoreDataClass.swift in Sources */ = {isa = PBXBuildFile; fileRef = F3907CA92C958B8A00AF904E /* HabitEntity+CoreDataClass.swift */; };
		F3907CB02C958B8A00AF904E /* HabitEntity+CoreDataProperties.swift in Sources */ = {isa = PBXBuildFile; fileRef = F3907CAA2C958B8A00AF904E /* HabitEntity+CoreDataProperties.swift */; };
		F3907CB22C9596AA00AF904E /* FixedRoutineEntity+Extensions.swift in Sources */ = {isa = PBXBuildFile; fileRef = F3907CB12C9596AA00AF904E /* FixedRoutineEntity+Extensions.swift */; };
		F3907CB42C9596D600AF904E /* TaskEntity+Extensions.swift in Sources */ = {isa = PBXBuildFile; fileRef = F3907CB32C9596D600AF904E /* TaskEntity+Extensions.swift */; };
		F3907CB62C9599BD00AF904E /* HabitEntity+Extensions.swift in Sources */ = {isa = PBXBuildFile; fileRef = F3907CB52C9599BD00AF904E /* HabitEntity+Extensions.swift */; };
		F3907CB82C959E8500AF904E /* AnyScheduleable.swift in Sources */ = {isa = PBXBuildFile; fileRef = F3907CB72C959E8500AF904E /* AnyScheduleable.swift */; };
/* End PBXBuildFile section */

/* Begin PBXContainerItemProxy section */
		F30747E22C942DA900C8B97C /* PBXContainerItemProxy */ = {
			isa = PBXContainerItemProxy;
			containerPortal = F30747C42C942DA600C8B97C /* Project object */;
			proxyType = 1;
			remoteGlobalIDString = F30747CB2C942DA600C8B97C;
			remoteInfo = sessions;
		};
		F30747EC2C942DA900C8B97C /* PBXContainerItemProxy */ = {
			isa = PBXContainerItemProxy;
			containerPortal = F30747C42C942DA600C8B97C /* Project object */;
			proxyType = 1;
			remoteGlobalIDString = F30747CB2C942DA600C8B97C;
			remoteInfo = sessions;
		};
/* End PBXContainerItemProxy section */

/* Begin PBXFileReference section */
		F30747CC2C942DA600C8B97C /* sessions.app */ = {isa = PBXFileReference; explicitFileType = wrapper.application; includeInIndex = 0; path = sessions.app; sourceTree = BUILT_PRODUCTS_DIR; };
		F30747CF2C942DA600C8B97C /* sessionsApp.swift */ = {isa = PBXFileReference; lastKnownFileType = sourcecode.swift; path = sessionsApp.swift; sourceTree = "<group>"; };
		F30747D32C942DA900C8B97C /* Assets.xcassets */ = {isa = PBXFileReference; lastKnownFileType = folder.assetcatalog; path = Assets.xcassets; sourceTree = "<group>"; };
		F30747D62C942DA900C8B97C /* Preview Assets.xcassets */ = {isa = PBXFileReference; lastKnownFileType = folder.assetcatalog; path = "Preview Assets.xcassets"; sourceTree = "<group>"; };
		F30747D82C942DA900C8B97C /* Persistence.swift */ = {isa = PBXFileReference; lastKnownFileType = sourcecode.swift; path = Persistence.swift; sourceTree = "<group>"; };
		F30747E12C942DA900C8B97C /* sessionsTests.xctest */ = {isa = PBXFileReference; explicitFileType = wrapper.cfbundle; includeInIndex = 0; path = sessionsTests.xctest; sourceTree = BUILT_PRODUCTS_DIR; };
		F30747E52C942DA900C8B97C /* sessionsTests.swift */ = {isa = PBXFileReference; lastKnownFileType = sourcecode.swift; path = sessionsTests.swift; sourceTree = "<group>"; };
		F30747EB2C942DA900C8B97C /* sessionsUITests.xctest */ = {isa = PBXFileReference; explicitFileType = wrapper.cfbundle; includeInIndex = 0; path = sessionsUITests.xctest; sourceTree = BUILT_PRODUCTS_DIR; };
		F30747EF2C942DA900C8B97C /* sessionsUITests.swift */ = {isa = PBXFileReference; lastKnownFileType = sourcecode.swift; path = sessionsUITests.swift; sourceTree = "<group>"; };
		F30747F12C942DA900C8B97C /* sessionsUITestsLaunchTests.swift */ = {isa = PBXFileReference; lastKnownFileType = sourcecode.swift; path = sessionsUITestsLaunchTests.swift; sourceTree = "<group>"; };
		F30747FF2C942F3500C8B97C /* DataManager.swift */ = {isa = PBXFileReference; lastKnownFileType = sourcecode.swift; path = DataManager.swift; sourceTree = "<group>"; };
		F30748022C942F5200C8B97C /* Scheduleable.swift */ = {isa = PBXFileReference; lastKnownFileType = sourcecode.swift; path = Scheduleable.swift; sourceTree = "<group>"; };
		F30748042C942F5D00C8B97C /* Task.swift */ = {isa = PBXFileReference; lastKnownFileType = sourcecode.swift; path = Task.swift; sourceTree = "<group>"; };
		F30748062C942F6600C8B97C /* Habit.swift */ = {isa = PBXFileReference; lastKnownFileType = sourcecode.swift; path = Habit.swift; sourceTree = "<group>"; };
		F30748082C942F7100C8B97C /* FixedRoutine.swift */ = {isa = PBXFileReference; lastKnownFileType = sourcecode.swift; path = FixedRoutine.swift; sourceTree = "<group>"; };
		F307480C2C942F8F00C8B97C /* RoutineManager.swift */ = {isa = PBXFileReference; lastKnownFileType = sourcecode.swift; path = RoutineManager.swift; sourceTree = "<group>"; };
		F30748102C942FCC00C8B97C /* ContentView.swift */ = {isa = PBXFileReference; lastKnownFileType = sourcecode.swift; path = ContentView.swift; sourceTree = "<group>"; };
		F30748122C942FFA00C8B97C /* RoutineView.swift */ = {isa = PBXFileReference; lastKnownFileType = sourcecode.swift; path = RoutineView.swift; sourceTree = "<group>"; };
		F30748152C94300A00C8B97C /* TasksView.swift */ = {isa = PBXFileReference; lastKnownFileType = sourcecode.swift; path = TasksView.swift; sourceTree = "<group>"; };
		F30748172C94301D00C8B97C /* HabitsView.swift */ = {isa = PBXFileReference; lastKnownFileType = sourcecode.swift; path = HabitsView.swift; sourceTree = "<group>"; };
		F30748192C94302A00C8B97C /* FixedRoutinesView.swift */ = {isa = PBXFileReference; lastKnownFileType = sourcecode.swift; path = FixedRoutinesView.swift; sourceTree = "<group>"; };
		F3907C852C9571E700AF904E /* BackgroundTaskService.swift */ = {isa = PBXFileReference; lastKnownFileType = sourcecode.swift; path = BackgroundTaskService.swift; sourceTree = "<group>"; };
		F3907C972C957D0400AF904E /* SessionsModel.xcdatamodel */ = {isa = PBXFileReference; lastKnownFileType = wrapper.xcdatamodel; path = SessionsModel.xcdatamodel; sourceTree = "<group>"; };
		F3907CA52C958B8A00AF904E /* TaskEntity+CoreDataClass.swift */ = {isa = PBXFileReference; lastKnownFileType = sourcecode.swift; path = "TaskEntity+CoreDataClass.swift"; sourceTree = "<group>"; };
		F3907CA62C958B8A00AF904E /* TaskEntity+CoreDataProperties.swift */ = {isa = PBXFileReference; lastKnownFileType = sourcecode.swift; path = "TaskEntity+CoreDataProperties.swift"; sourceTree = "<group>"; };
		F3907CA72C958B8A00AF904E /* FixedRoutineEntity+CoreDataClass.swift */ = {isa = PBXFileReference; lastKnownFileType = sourcecode.swift; path = "FixedRoutineEntity+CoreDataClass.swift"; sourceTree = "<group>"; };
		F3907CA82C958B8A00AF904E /* FixedRoutineEntity+CoreDataProperties.swift */ = {isa = PBXFileReference; lastKnownFileType = sourcecode.swift; path = "FixedRoutineEntity+CoreDataProperties.swift"; sourceTree = "<group>"; };
		F3907CA92C958B8A00AF904E /* HabitEntity+CoreDataClass.swift */ = {isa = PBXFileReference; lastKnownFileType = sourcecode.swift; path = "HabitEntity+CoreDataClass.swift"; sourceTree = "<group>"; };
		F3907CAA2C958B8A00AF904E /* HabitEntity+CoreDataProperties.swift */ = {isa = PBXFileReference; lastKnownFileType = sourcecode.swift; path = "HabitEntity+CoreDataProperties.swift"; sourceTree = "<group>"; };
		F3907CB12C9596AA00AF904E /* FixedRoutineEntity+Extensions.swift */ = {isa = PBXFileReference; lastKnownFileType = sourcecode.swift; path = "FixedRoutineEntity+Extensions.swift"; sourceTree = "<group>"; };
		F3907CB32C9596D600AF904E /* TaskEntity+Extensions.swift */ = {isa = PBXFileReference; lastKnownFileType = sourcecode.swift; path = "TaskEntity+Extensions.swift"; sourceTree = "<group>"; };
		F3907CB52C9599BD00AF904E /* HabitEntity+Extensions.swift */ = {isa = PBXFileReference; lastKnownFileType = sourcecode.swift; path = "HabitEntity+Extensions.swift"; sourceTree = "<group>"; };
		F3907CB72C959E8500AF904E /* AnyScheduleable.swift */ = {isa = PBXFileReference; lastKnownFileType = sourcecode.swift; path = AnyScheduleable.swift; sourceTree = "<group>"; };
/* End PBXFileReference section */

/* Begin PBXFrameworksBuildPhase section */
		F30747C92C942DA600C8B97C /* Frameworks */ = {
			isa = PBXFrameworksBuildPhase;
			buildActionMask = 2147483647;
			files = (
				F33655FD2C94366400C9FE04 /* GoogleAPIClientForRESTCore in Frameworks */,
				F33655FF2C94366400C9FE04 /* GoogleAPIClientForREST_Calendar in Frameworks */,
			);
			runOnlyForDeploymentPostprocessing = 0;
		};
		F30747DE2C942DA900C8B97C /* Frameworks */ = {
			isa = PBXFrameworksBuildPhase;
			buildActionMask = 2147483647;
			files = (
			);
			runOnlyForDeploymentPostprocessing = 0;
		};
		F30747E82C942DA900C8B97C /* Frameworks */ = {
			isa = PBXFrameworksBuildPhase;
			buildActionMask = 2147483647;
			files = (
			);
			runOnlyForDeploymentPostprocessing = 0;
		};
/* End PBXFrameworksBuildPhase section */

/* Begin PBXGroup section */
		F30747C32C942DA600C8B97C = {
			isa = PBXGroup;
			children = (
				F30747CE2C942DA600C8B97C /* sessions */,
				F30747E42C942DA900C8B97C /* sessionsTests */,
				F30747EE2C942DA900C8B97C /* sessionsUITests */,
				F30747CD2C942DA600C8B97C /* Products */,
			);
			sourceTree = "<group>";
		};
		F30747CD2C942DA600C8B97C /* Products */ = {
			isa = PBXGroup;
			children = (
				F30747CC2C942DA600C8B97C /* sessions.app */,
				F30747E12C942DA900C8B97C /* sessionsTests.xctest */,
				F30747EB2C942DA900C8B97C /* sessionsUITests.xctest */,
			);
			name = Products;
			sourceTree = "<group>";
		};
		F30747CE2C942DA600C8B97C /* sessions */ = {
			isa = PBXGroup;
			children = (
				F3907C962C957D0400AF904E /* SessionsModel.xcdatamodeld */,
				F307480E2C942F9800C8B97C /* Views */,
				F307480A2C942F7700C8B97C /* Managers */,
				F30748012C942F4200C8B97C /* Models */,
				F30747FE2C942F2000C8B97C /* DataModel */,
				F30747CF2C942DA600C8B97C /* sessionsApp.swift */,
				F30747D32C942DA900C8B97C /* Assets.xcassets */,
				F30747D82C942DA900C8B97C /* Persistence.swift */,
				F30747D52C942DA900C8B97C /* Preview Content */,
			);
			path = sessions;
			sourceTree = "<group>";
		};
		F30747D52C942DA900C8B97C /* Preview Content */ = {
			isa = PBXGroup;
			children = (
				F30747D62C942DA900C8B97C /* Preview Assets.xcassets */,
			);
			path = "Preview Content";
			sourceTree = "<group>";
		};
		F30747E42C942DA900C8B97C /* sessionsTests */ = {
			isa = PBXGroup;
			children = (
				F30747E52C942DA900C8B97C /* sessionsTests.swift */,
			);
			path = sessionsTests;
			sourceTree = "<group>";
		};
		F30747EE2C942DA900C8B97C /* sessionsUITests */ = {
			isa = PBXGroup;
			children = (
				F30747EF2C942DA900C8B97C /* sessionsUITests.swift */,
				F30747F12C942DA900C8B97C /* sessionsUITestsLaunchTests.swift */,
			);
			path = sessionsUITests;
			sourceTree = "<group>";
		};
		F30747FE2C942F2000C8B97C /* DataModel */ = {
			isa = PBXGroup;
			children = (
				F3907CA52C958B8A00AF904E /* TaskEntity+CoreDataClass.swift */,
				F3907CA62C958B8A00AF904E /* TaskEntity+CoreDataProperties.swift */,
				F3907CA72C958B8A00AF904E /* FixedRoutineEntity+CoreDataClass.swift */,
				F3907CA82C958B8A00AF904E /* FixedRoutineEntity+CoreDataProperties.swift */,
				F3907CA92C958B8A00AF904E /* HabitEntity+CoreDataClass.swift */,
				F3907CAA2C958B8A00AF904E /* HabitEntity+CoreDataProperties.swift */,
				F30747FF2C942F3500C8B97C /* DataManager.swift */,
				F3907CB12C9596AA00AF904E /* FixedRoutineEntity+Extensions.swift */,
				F3907CB32C9596D600AF904E /* TaskEntity+Extensions.swift */,
				F3907CB52C9599BD00AF904E /* HabitEntity+Extensions.swift */,
			);
			path = DataModel;
			sourceTree = "<group>";
		};
		F30748012C942F4200C8B97C /* Models */ = {
			isa = PBXGroup;
			children = (
				F30748022C942F5200C8B97C /* Scheduleable.swift */,
				F30748042C942F5D00C8B97C /* Task.swift */,
				F30748062C942F6600C8B97C /* Habit.swift */,
				F30748082C942F7100C8B97C /* FixedRoutine.swift */,
				F3907CB72C959E8500AF904E /* AnyScheduleable.swift */,
			);
			path = Models;
			sourceTree = "<group>";
		};
		F307480A2C942F7700C8B97C /* Managers */ = {
			isa = PBXGroup;
			children = (
				F307480C2C942F8F00C8B97C /* RoutineManager.swift */,
				F3907C852C9571E700AF904E /* BackgroundTaskService.swift */,
			);
			path = Managers;
			sourceTree = "<group>";
		};
		F307480E2C942F9800C8B97C /* Views */ = {
			isa = PBXGroup;
			children = (
				F30748102C942FCC00C8B97C /* ContentView.swift */,
				F30748122C942FFA00C8B97C /* RoutineView.swift */,
				F30748152C94300A00C8B97C /* TasksView.swift */,
				F30748172C94301D00C8B97C /* HabitsView.swift */,
				F30748192C94302A00C8B97C /* FixedRoutinesView.swift */,
			);
			path = Views;
			sourceTree = "<group>";
		};
/* End PBXGroup section */

/* Begin PBXNativeTarget section */
		F30747CB2C942DA600C8B97C /* sessions */ = {
			isa = PBXNativeTarget;
			buildConfigurationList = F30747F52C942DA900C8B97C /* Build configuration list for PBXNativeTarget "sessions" */;
			buildPhases = (
				F30747C82C942DA600C8B97C /* Sources */,
				F30747C92C942DA600C8B97C /* Frameworks */,
				F30747CA2C942DA600C8B97C /* Resources */,
			);
			buildRules = (
			);
			dependencies = (
			);
			name = sessions;
			packageProductDependencies = (
				F33655FC2C94366400C9FE04 /* GoogleAPIClientForRESTCore */,
				F33655FE2C94366400C9FE04 /* GoogleAPIClientForREST_Calendar */,
			);
			productName = sessions;
			productReference = F30747CC2C942DA600C8B97C /* sessions.app */;
			productType = "com.apple.product-type.application";
		};
		F30747E02C942DA900C8B97C /* sessionsTests */ = {
			isa = PBXNativeTarget;
			buildConfigurationList = F30747F82C942DA900C8B97C /* Build configuration list for PBXNativeTarget "sessionsTests" */;
			buildPhases = (
				F30747DD2C942DA900C8B97C /* Sources */,
				F30747DE2C942DA900C8B97C /* Frameworks */,
				F30747DF2C942DA900C8B97C /* Resources */,
			);
			buildRules = (
			);
			dependencies = (
				F30747E32C942DA900C8B97C /* PBXTargetDependency */,
			);
			name = sessionsTests;
			productName = sessionsTests;
			productReference = F30747E12C942DA900C8B97C /* sessionsTests.xctest */;
			productType = "com.apple.product-type.bundle.unit-test";
		};
		F30747EA2C942DA900C8B97C /* sessionsUITests */ = {
			isa = PBXNativeTarget;
			buildConfigurationList = F30747FB2C942DA900C8B97C /* Build configuration list for PBXNativeTarget "sessionsUITests" */;
			buildPhases = (
				F30747E72C942DA900C8B97C /* Sources */,
				F30747E82C942DA900C8B97C /* Frameworks */,
				F30747E92C942DA900C8B97C /* Resources */,
			);
			buildRules = (
			);
			dependencies = (
				F30747ED2C942DA900C8B97C /* PBXTargetDependency */,
			);
			name = sessionsUITests;
			productName = sessionsUITests;
			productReference = F30747EB2C942DA900C8B97C /* sessionsUITests.xctest */;
			productType = "com.apple.product-type.bundle.ui-testing";
		};
/* End PBXNativeTarget section */

/* Begin PBXProject section */
		F30747C42C942DA600C8B97C /* Project object */ = {
			isa = PBXProject;
			attributes = {
				BuildIndependentTargetsInParallel = 1;
				LastSwiftUpdateCheck = 1540;
				LastUpgradeCheck = 1540;
				TargetAttributes = {
					F30747CB2C942DA600C8B97C = {
						CreatedOnToolsVersion = 15.4;
					};
					F30747E02C942DA900C8B97C = {
						CreatedOnToolsVersion = 15.4;
						TestTargetID = F30747CB2C942DA600C8B97C;
					};
					F30747EA2C942DA900C8B97C = {
						CreatedOnToolsVersion = 15.4;
						TestTargetID = F30747CB2C942DA600C8B97C;
					};
				};
			};
			buildConfigurationList = F30747C72C942DA600C8B97C /* Build configuration list for PBXProject "sessions" */;
			compatibilityVersion = "Xcode 14.0";
			developmentRegion = en;
			hasScannedForEncodings = 0;
			knownRegions = (
				en,
				Base,
			);
			mainGroup = F30747C32C942DA600C8B97C;
			packageReferences = (
				F33655FB2C94366400C9FE04 /* XCRemoteSwiftPackageReference "google-api-objectivec-client-for-rest" */,
			);
			productRefGroup = F30747CD2C942DA600C8B97C /* Products */;
			projectDirPath = "";
			projectRoot = "";
			targets = (
				F30747CB2C942DA600C8B97C /* sessions */,
				F30747E02C942DA900C8B97C /* sessionsTests */,
				F30747EA2C942DA900C8B97C /* sessionsUITests */,
			);
		};
/* End PBXProject section */

/* Begin PBXResourcesBuildPhase section */
		F30747CA2C942DA600C8B97C /* Resources */ = {
			isa = PBXResourcesBuildPhase;
			buildActionMask = 2147483647;
			files = (
				F30747D72C942DA900C8B97C /* Preview Assets.xcassets in Resources */,
				F30747D42C942DA900C8B97C /* Assets.xcassets in Resources */,
			);
			runOnlyForDeploymentPostprocessing = 0;
		};
		F30747DF2C942DA900C8B97C /* Resources */ = {
			isa = PBXResourcesBuildPhase;
			buildActionMask = 2147483647;
			files = (
			);
			runOnlyForDeploymentPostprocessing = 0;
		};
		F30747E92C942DA900C8B97C /* Resources */ = {
			isa = PBXResourcesBuildPhase;
			buildActionMask = 2147483647;
			files = (
			);
			runOnlyForDeploymentPostprocessing = 0;
		};
/* End PBXResourcesBuildPhase section */

/* Begin PBXSourcesBuildPhase section */
		F30747C82C942DA600C8B97C /* Sources */ = {
			isa = PBXSourcesBuildPhase;
			buildActionMask = 2147483647;
			files = (
				F30748112C942FCC00C8B97C /* ContentView.swift in Sources */,
				F30748002C942F3500C8B97C /* DataManager.swift in Sources */,
				F307480D2C942F8F00C8B97C /* RoutineManager.swift in Sources */,
				F30747D92C942DA900C8B97C /* Persistence.swift in Sources */,
				F30748092C942F7100C8B97C /* FixedRoutine.swift in Sources */,
				F3907CB42C9596D600AF904E /* TaskEntity+Extensions.swift in Sources */,
				F307481A2C94302A00C8B97C /* FixedRoutinesView.swift in Sources */,
				F30748032C942F5200C8B97C /* Scheduleable.swift in Sources */,
				F30748162C94300A00C8B97C /* TasksView.swift in Sources */,
				F30748052C942F5D00C8B97C /* Task.swift in Sources */,
				F3907C862C9571E700AF904E /* BackgroundTaskService.swift in Sources */,
				F3907C982C957D0400AF904E /* SessionsModel.xcdatamodeld in Sources */,
				F3907CB82C959E8500AF904E /* AnyScheduleable.swift in Sources */,
				F30748132C942FFA00C8B97C /* RoutineView.swift in Sources */,
				F3907CAB2C958B8A00AF904E /* TaskEntity+CoreDataClass.swift in Sources */,
				F3907CAC2C958B8A00AF904E /* TaskEntity+CoreDataProperties.swift in Sources */,
				F3907CB62C9599BD00AF904E /* HabitEntity+Extensions.swift in Sources */,
				F3907CAD2C958B8A00AF904E /* FixedRoutineEntity+CoreDataClass.swift in Sources */,
				F3907CAE2C958B8A00AF904E /* FixedRoutineEntity+CoreDataProperties.swift in Sources */,
				F3907CAF2C958B8A00AF904E /* HabitEntity+CoreDataClass.swift in Sources */,
				F3907CB02C958B8A00AF904E /* HabitEntity+CoreDataProperties.swift in Sources */,
				F30748072C942F6600C8B97C /* Habit.swift in Sources */,
				F30748182C94301D00C8B97C /* HabitsView.swift in Sources */,
				F3907CB22C9596AA00AF904E /* FixedRoutineEntity+Extensions.swift in Sources */,
				F30747D02C942DA600C8B97C /* sessionsApp.swift in Sources */,
			);
			runOnlyForDeploymentPostprocessing = 0;
		};
		F30747DD2C942DA900C8B97C /* Sources */ = {
			isa = PBXSourcesBuildPhase;
			buildActionMask = 2147483647;
			files = (
				F30747E62C942DA900C8B97C /* sessionsTests.swift in Sources */,
			);
			runOnlyForDeploymentPostprocessing = 0;
		};
		F30747E72C942DA900C8B97C /* Sources */ = {
			isa = PBXSourcesBuildPhase;
			buildActionMask = 2147483647;
			files = (
				F30747F22C942DA900C8B97C /* sessionsUITestsLaunchTests.swift in Sources */,
				F30747F02C942DA900C8B97C /* sessionsUITests.swift in Sources */,
			);
			runOnlyForDeploymentPostprocessing = 0;
		};
/* End PBXSourcesBuildPhase section */

/* Begin PBXTargetDependency section */
		F30747E32C942DA900C8B97C /* PBXTargetDependency */ = {
			isa = PBXTargetDependency;
			target = F30747CB2C942DA600C8B97C /* sessions */;
			targetProxy = F30747E22C942DA900C8B97C /* PBXContainerItemProxy */;
		};
		F30747ED2C942DA900C8B97C /* PBXTargetDependency */ = {
			isa = PBXTargetDependency;
			target = F30747CB2C942DA600C8B97C /* sessions */;
			targetProxy = F30747EC2C942DA900C8B97C /* PBXContainerItemProxy */;
		};
/* End PBXTargetDependency section */

/* Begin XCBuildConfiguration section */
		F30747F32C942DA900C8B97C /* Debug */ = {
			isa = XCBuildConfiguration;
			buildSettings = {
				ALWAYS_SEARCH_USER_PATHS = NO;
				ASSETCATALOG_COMPILER_GENERATE_SWIFT_ASSET_SYMBOL_EXTENSIONS = YES;
				CLANG_ANALYZER_NONNULL = YES;
				CLANG_ANALYZER_NUMBER_OBJECT_CONVERSION = YES_AGGRESSIVE;
				CLANG_CXX_LANGUAGE_STANDARD = "gnu++20";
				CLANG_ENABLE_MODULES = YES;
				CLANG_ENABLE_OBJC_ARC = YES;
				CLANG_ENABLE_OBJC_WEAK = YES;
				CLANG_WARN_BLOCK_CAPTURE_AUTORELEASING = YES;
				CLANG_WARN_BOOL_CONVERSION = YES;
				CLANG_WARN_COMMA = YES;
				CLANG_WARN_CONSTANT_CONVERSION = YES;
				CLANG_WARN_DEPRECATED_OBJC_IMPLEMENTATIONS = YES;
				CLANG_WARN_DIRECT_OBJC_ISA_USAGE = YES_ERROR;
				CLANG_WARN_DOCUMENTATION_COMMENTS = YES;
				CLANG_WARN_EMPTY_BODY = YES;
				CLANG_WARN_ENUM_CONVERSION = YES;
				CLANG_WARN_INFINITE_RECURSION = YES;
				CLANG_WARN_INT_CONVERSION = YES;
				CLANG_WARN_NON_LITERAL_NULL_CONVERSION = YES;
				CLANG_WARN_OBJC_IMPLICIT_RETAIN_SELF = YES;
				CLANG_WARN_OBJC_LITERAL_CONVERSION = YES;
				CLANG_WARN_OBJC_ROOT_CLASS = YES_ERROR;
				CLANG_WARN_QUOTED_INCLUDE_IN_FRAMEWORK_HEADER = YES;
				CLANG_WARN_RANGE_LOOP_ANALYSIS = YES;
				CLANG_WARN_STRICT_PROTOTYPES = YES;
				CLANG_WARN_SUSPICIOUS_MOVE = YES;
				CLANG_WARN_UNGUARDED_AVAILABILITY = YES_AGGRESSIVE;
				CLANG_WARN_UNREACHABLE_CODE = YES;
				CLANG_WARN__DUPLICATE_METHOD_MATCH = YES;
				COPY_PHASE_STRIP = NO;
				DEBUG_INFORMATION_FORMAT = dwarf;
				ENABLE_STRICT_OBJC_MSGSEND = YES;
				ENABLE_TESTABILITY = YES;
				ENABLE_USER_SCRIPT_SANDBOXING = YES;
				GCC_C_LANGUAGE_STANDARD = gnu17;
				GCC_DYNAMIC_NO_PIC = NO;
				GCC_NO_COMMON_BLOCKS = YES;
				GCC_OPTIMIZATION_LEVEL = 0;
				GCC_PREPROCESSOR_DEFINITIONS = (
					"DEBUG=1",
					"$(inherited)",
				);
				GCC_WARN_64_TO_32_BIT_CONVERSION = YES;
				GCC_WARN_ABOUT_RETURN_TYPE = YES_ERROR;
				GCC_WARN_UNDECLARED_SELECTOR = YES;
				GCC_WARN_UNINITIALIZED_AUTOS = YES_AGGRESSIVE;
				GCC_WARN_UNUSED_FUNCTION = YES;
				GCC_WARN_UNUSED_VARIABLE = YES;
				IPHONEOS_DEPLOYMENT_TARGET = 17.5;
				LOCALIZATION_PREFERS_STRING_CATALOGS = YES;
				MTL_ENABLE_DEBUG_INFO = INCLUDE_SOURCE;
				MTL_FAST_MATH = YES;
				ONLY_ACTIVE_ARCH = YES;
				SDKROOT = iphoneos;
				SWIFT_ACTIVE_COMPILATION_CONDITIONS = "DEBUG $(inherited)";
				SWIFT_OPTIMIZATION_LEVEL = "-Onone";
			};
			name = Debug;
		};
		F30747F42C942DA900C8B97C /* Release */ = {
			isa = XCBuildConfiguration;
			buildSettings = {
				ALWAYS_SEARCH_USER_PATHS = NO;
				ASSETCATALOG_COMPILER_GENERATE_SWIFT_ASSET_SYMBOL_EXTENSIONS = YES;
				CLANG_ANALYZER_NONNULL = YES;
				CLANG_ANALYZER_NUMBER_OBJECT_CONVERSION = YES_AGGRESSIVE;
				CLANG_CXX_LANGUAGE_STANDARD = "gnu++20";
				CLANG_ENABLE_MODULES = YES;
				CLANG_ENABLE_OBJC_ARC = YES;
				CLANG_ENABLE_OBJC_WEAK = YES;
				CLANG_WARN_BLOCK_CAPTURE_AUTORELEASING = YES;
				CLANG_WARN_BOOL_CONVERSION = YES;
				CLANG_WARN_COMMA = YES;
				CLANG_WARN_CONSTANT_CONVERSION = YES;
				CLANG_WARN_DEPRECATED_OBJC_IMPLEMENTATIONS = YES;
				CLANG_WARN_DIRECT_OBJC_ISA_USAGE = YES_ERROR;
				CLANG_WARN_DOCUMENTATION_COMMENTS = YES;
				CLANG_WARN_EMPTY_BODY = YES;
				CLANG_WARN_ENUM_CONVERSION = YES;
				CLANG_WARN_INFINITE_RECURSION = YES;
				CLANG_WARN_INT_CONVERSION = YES;
				CLANG_WARN_NON_LITERAL_NULL_CONVERSION = YES;
				CLANG_WARN_OBJC_IMPLICIT_RETAIN_SELF = YES;
				CLANG_WARN_OBJC_LITERAL_CONVERSION = YES;
				CLANG_WARN_OBJC_ROOT_CLASS = YES_ERROR;
				CLANG_WARN_QUOTED_INCLUDE_IN_FRAMEWORK_HEADER = YES;
				CLANG_WARN_RANGE_LOOP_ANALYSIS = YES;
				CLANG_WARN_STRICT_PROTOTYPES = YES;
				CLANG_WARN_SUSPICIOUS_MOVE = YES;
				CLANG_WARN_UNGUARDED_AVAILABILITY = YES_AGGRESSIVE;
				CLANG_WARN_UNREACHABLE_CODE = YES;
				CLANG_WARN__DUPLICATE_METHOD_MATCH = YES;
				COPY_PHASE_STRIP = NO;
				DEBUG_INFORMATION_FORMAT = "dwarf-with-dsym";
				ENABLE_NS_ASSERTIONS = NO;
				ENABLE_STRICT_OBJC_MSGSEND = YES;
				ENABLE_USER_SCRIPT_SANDBOXING = YES;
				GCC_C_LANGUAGE_STANDARD = gnu17;
				GCC_NO_COMMON_BLOCKS = YES;
				GCC_WARN_64_TO_32_BIT_CONVERSION = YES;
				GCC_WARN_ABOUT_RETURN_TYPE = YES_ERROR;
				GCC_WARN_UNDECLARED_SELECTOR = YES;
				GCC_WARN_UNINITIALIZED_AUTOS = YES_AGGRESSIVE;
				GCC_WARN_UNUSED_FUNCTION = YES;
				GCC_WARN_UNUSED_VARIABLE = YES;
				IPHONEOS_DEPLOYMENT_TARGET = 17.5;
				LOCALIZATION_PREFERS_STRING_CATALOGS = YES;
				MTL_ENABLE_DEBUG_INFO = NO;
				MTL_FAST_MATH = YES;
				SDKROOT = iphoneos;
				SWIFT_COMPILATION_MODE = wholemodule;
				VALIDATE_PRODUCT = YES;
			};
			name = Release;
		};
		F30747F62C942DA900C8B97C /* Debug */ = {
			isa = XCBuildConfiguration;
			buildSettings = {
				ASSETCATALOG_COMPILER_APPICON_NAME = AppIcon;
				ASSETCATALOG_COMPILER_GLOBAL_ACCENT_COLOR_NAME = AccentColor;
				CODE_SIGN_STYLE = Automatic;
				CURRENT_PROJECT_VERSION = 1;
				DEVELOPMENT_ASSET_PATHS = "\"sessions/Preview Content\"";
				ENABLE_PREVIEWS = YES;
				GENERATE_INFOPLIST_FILE = YES;
				INFOPLIST_KEY_UIApplicationSceneManifest_Generation = YES;
				INFOPLIST_KEY_UIApplicationSupportsIndirectInputEvents = YES;
				INFOPLIST_KEY_UILaunchScreen_Generation = YES;
				INFOPLIST_KEY_UISupportedInterfaceOrientations_iPad = "UIInterfaceOrientationPortrait UIInterfaceOrientationPortraitUpsideDown UIInterfaceOrientationLandscapeLeft UIInterfaceOrientationLandscapeRight";
				INFOPLIST_KEY_UISupportedInterfaceOrientations_iPhone = "UIInterfaceOrientationPortrait UIInterfaceOrientationLandscapeLeft UIInterfaceOrientationLandscapeRight";
				LD_RUNPATH_SEARCH_PATHS = (
					"$(inherited)",
					"@executable_path/Frameworks",
				);
				MARKETING_VERSION = 1.0;
				PRODUCT_BUNDLE_IDENTIFIER = com.mirzabicer.sessions;
				PRODUCT_NAME = "$(TARGET_NAME)";
				SWIFT_EMIT_LOC_STRINGS = YES;
				SWIFT_VERSION = 5.0;
				TARGETED_DEVICE_FAMILY = "1,2";
			};
			name = Debug;
		};
		F30747F72C942DA900C8B97C /* Release */ = {
			isa = XCBuildConfiguration;
			buildSettings = {
				ASSETCATALOG_COMPILER_APPICON_NAME = AppIcon;
				ASSETCATALOG_COMPILER_GLOBAL_ACCENT_COLOR_NAME = AccentColor;
				CODE_SIGN_STYLE = Automatic;
				CURRENT_PROJECT_VERSION = 1;
				DEVELOPMENT_ASSET_PATHS = "\"sessions/Preview Content\"";
				ENABLE_PREVIEWS = YES;
				GENERATE_INFOPLIST_FILE = YES;
				INFOPLIST_KEY_UIApplicationSceneManifest_Generation = YES;
				INFOPLIST_KEY_UIApplicationSupportsIndirectInputEvents = YES;
				INFOPLIST_KEY_UILaunchScreen_Generation = YES;
				INFOPLIST_KEY_UISupportedInterfaceOrientations_iPad = "UIInterfaceOrientationPortrait UIInterfaceOrientationPortraitUpsideDown UIInterfaceOrientationLandscapeLeft UIInterfaceOrientationLandscapeRight";
				INFOPLIST_KEY_UISupportedInterfaceOrientations_iPhone = "UIInterfaceOrientationPortrait UIInterfaceOrientationLandscapeLeft UIInterfaceOrientationLandscapeRight";
				LD_RUNPATH_SEARCH_PATHS = (
					"$(inherited)",
					"@executable_path/Frameworks",
				);
				MARKETING_VERSION = 1.0;
				PRODUCT_BUNDLE_IDENTIFIER = com.mirzabicer.sessions;
				PRODUCT_NAME = "$(TARGET_NAME)";
				SWIFT_EMIT_LOC_STRINGS = YES;
				SWIFT_VERSION = 5.0;
				TARGETED_DEVICE_FAMILY = "1,2";
			};
			name = Release;
		};
		F30747F92C942DA900C8B97C /* Debug */ = {
			isa = XCBuildConfiguration;
			buildSettings = {
				ALWAYS_EMBED_SWIFT_STANDARD_LIBRARIES = YES;
				BUNDLE_LOADER = "$(TEST_HOST)";
				CODE_SIGN_STYLE = Automatic;
				CURRENT_PROJECT_VERSION = 1;
				GENERATE_INFOPLIST_FILE = YES;
				IPHONEOS_DEPLOYMENT_TARGET = 17.5;
				MARKETING_VERSION = 1.0;
				PRODUCT_BUNDLE_IDENTIFIER = com.mirzabicer.sessionsTests;
				PRODUCT_NAME = "$(TARGET_NAME)";
				SWIFT_EMIT_LOC_STRINGS = NO;
				SWIFT_VERSION = 5.0;
				TARGETED_DEVICE_FAMILY = "1,2";
				TEST_HOST = "$(BUILT_PRODUCTS_DIR)/sessions.app/$(BUNDLE_EXECUTABLE_FOLDER_PATH)/sessions";
			};
			name = Debug;
		};
		F30747FA2C942DA900C8B97C /* Release */ = {
			isa = XCBuildConfiguration;
			buildSettings = {
				ALWAYS_EMBED_SWIFT_STANDARD_LIBRARIES = YES;
				BUNDLE_LOADER = "$(TEST_HOST)";
				CODE_SIGN_STYLE = Automatic;
				CURRENT_PROJECT_VERSION = 1;
				GENERATE_INFOPLIST_FILE = YES;
				IPHONEOS_DEPLOYMENT_TARGET = 17.5;
				MARKETING_VERSION = 1.0;
				PRODUCT_BUNDLE_IDENTIFIER = com.mirzabicer.sessionsTests;
				PRODUCT_NAME = "$(TARGET_NAME)";
				SWIFT_EMIT_LOC_STRINGS = NO;
				SWIFT_VERSION = 5.0;
				TARGETED_DEVICE_FAMILY = "1,2";
				TEST_HOST = "$(BUILT_PRODUCTS_DIR)/sessions.app/$(BUNDLE_EXECUTABLE_FOLDER_PATH)/sessions";
			};
			name = Release;
		};
		F30747FC2C942DA900C8B97C /* Debug */ = {
			isa = XCBuildConfiguration;
			buildSettings = {
				ALWAYS_EMBED_SWIFT_STANDARD_LIBRARIES = YES;
				CODE_SIGN_STYLE = Automatic;
				CURRENT_PROJECT_VERSION = 1;
				GENERATE_INFOPLIST_FILE = YES;
				MARKETING_VERSION = 1.0;
				PRODUCT_BUNDLE_IDENTIFIER = com.mirzabicer.sessionsUITests;
				PRODUCT_NAME = "$(TARGET_NAME)";
				SWIFT_EMIT_LOC_STRINGS = NO;
				SWIFT_VERSION = 5.0;
				TARGETED_DEVICE_FAMILY = "1,2";
				TEST_TARGET_NAME = sessions;
			};
			name = Debug;
		};
		F30747FD2C942DA900C8B97C /* Release */ = {
			isa = XCBuildConfiguration;
			buildSettings = {
				ALWAYS_EMBED_SWIFT_STANDARD_LIBRARIES = YES;
				CODE_SIGN_STYLE = Automatic;
				CURRENT_PROJECT_VERSION = 1;
				GENERATE_INFOPLIST_FILE = YES;
				MARKETING_VERSION = 1.0;
				PRODUCT_BUNDLE_IDENTIFIER = com.mirzabicer.sessionsUITests;
				PRODUCT_NAME = "$(TARGET_NAME)";
				SWIFT_EMIT_LOC_STRINGS = NO;
				SWIFT_VERSION = 5.0;
				TARGETED_DEVICE_FAMILY = "1,2";
				TEST_TARGET_NAME = sessions;
			};
			name = Release;
		};
/* End XCBuildConfiguration section */

/* Begin XCConfigurationList section */
		F30747C72C942DA600C8B97C /* Build configuration list for PBXProject "sessions" */ = {
			isa = XCConfigurationList;
			buildConfigurations = (
				F30747F32C942DA900C8B97C /* Debug */,
				F30747F42C942DA900C8B97C /* Release */,
			);
			defaultConfigurationIsVisible = 0;
			defaultConfigurationName = Release;
		};
		F30747F52C942DA900C8B97C /* Build configuration list for PBXNativeTarget "sessions" */ = {
			isa = XCConfigurationList;
			buildConfigurations = (
				F30747F62C942DA900C8B97C /* Debug */,
				F30747F72C942DA900C8B97C /* Release */,
			);
			defaultConfigurationIsVisible = 0;
			defaultConfigurationName = Release;
		};
		F30747F82C942DA900C8B97C /* Build configuration list for PBXNativeTarget "sessionsTests" */ = {
			isa = XCConfigurationList;
			buildConfigurations = (
				F30747F92C942DA900C8B97C /* Debug */,
				F30747FA2C942DA900C8B97C /* Release */,
			);
			defaultConfigurationIsVisible = 0;
			defaultConfigurationName = Release;
		};
		F30747FB2C942DA900C8B97C /* Build configuration list for PBXNativeTarget "sessionsUITests" */ = {
			isa = XCConfigurationList;
			buildConfigurations = (
				F30747FC2C942DA900C8B97C /* Debug */,
				F30747FD2C942DA900C8B97C /* Release */,
			);
			defaultConfigurationIsVisible = 0;
			defaultConfigurationName = Release;
		};
/* End XCConfigurationList section */

/* Begin XCRemoteSwiftPackageReference section */
		F33655FB2C94366400C9FE04 /* XCRemoteSwiftPackageReference "google-api-objectivec-client-for-rest" */ = {
			isa = XCRemoteSwiftPackageReference;
			repositoryURL = "https://github.com/google/google-api-objectivec-client-for-rest.git";
			requirement = {
				branch = main;
				kind = branch;
			};
		};
/* End XCRemoteSwiftPackageReference section */

/* Begin XCSwiftPackageProductDependency section */
		F33655FC2C94366400C9FE04 /* GoogleAPIClientForRESTCore */ = {
			isa = XCSwiftPackageProductDependency;
			package = F33655FB2C94366400C9FE04 /* XCRemoteSwiftPackageReference "google-api-objectivec-client-for-rest" */;
			productName = GoogleAPIClientForRESTCore;
		};
		F33655FE2C94366400C9FE04 /* GoogleAPIClientForREST_Calendar */ = {
			isa = XCSwiftPackageProductDependency;
			package = F33655FB2C94366400C9FE04 /* XCRemoteSwiftPackageReference "google-api-objectivec-client-for-rest" */;
			productName = GoogleAPIClientForREST_Calendar;
		};
/* End XCSwiftPackageProductDependency section */

/* Begin XCVersionGroup section */
		F3907C962C957D0400AF904E /* SessionsModel.xcdatamodeld */ = {
			isa = XCVersionGroup;
			children = (
				F3907C972C957D0400AF904E /* SessionsModel.xcdatamodel */,
			);
			currentVersion = F3907C972C957D0400AF904E /* SessionsModel.xcdatamodel */;
			path = SessionsModel.xcdatamodeld;
			sourceTree = "<group>";
			versionGroupType = wrapper.xcdatamodel;
		};
/* End XCVersionGroup section */
	};
	rootObject = F30747C42C942DA600C8B97C /* Project object */;
}
